
Microsoft Visual Studio Solution File, Format Version 12.00
# Visual Studio Version 16
VisualStudioVersion = 16.0.30225.117
MinimumVisualStudioVersion = 10.0.40219.1
Project("{FAE04EC0-301F-11D3-BF4B-00C04F79EFBC}") = "myUmbracoPackage.Web", "myUmbracoPackage.Web\myUmbracoPackage.Web.csproj", "{6AC407CA-90CD-4231-B148-9E002EE18175}"
EndProject
Project("{FAE04EC0-301F-11D3-BF4B-00C04F79EFBC}") = "wscGiphyPicker", "wscGiphyPicker\wscGiphyPicker.csproj", "{297751C4-2FD0-4C32-BD86-413D364A5A9D}"
EndProject
Global
	GlobalSection(SolutionConfigurationPlatforms) = preSolution
		Debug|Any CPU = Debug|Any CPU
		Release|Any CPU = Release|Any CPU
	EndGlobalSection
	GlobalSection(ProjectConfigurationPlatforms) = postSolution
		{6AC407CA-90CD-4231-B148-9E002EE18175}.Debug|Any CPU.ActiveCfg = Debug|Any CPU
		{6AC407CA-90CD-4231-B148-9E002EE18175}.Debug|Any CPU.Build.0 = Debug|Any CPU
		{6AC407CA-90CD-4231-B148-9E002EE18175}.Release|Any CPU.ActiveCfg = Release|Any CPU
		{6AC407CA-90CD-4231-B148-9E002EE18175}.Release|Any CPU.Build.0 = Release|Any CPU
		{297751C4-2FD0-4C32-BD86-413D364A5A9D}.Debug|Any CPU.ActiveCfg = Debug|Any CPU
		{297751C4-2FD0-4C32-BD86-413D364A5A9D}.Debug|Any CPU.Build.0 = Debug|Any CPU
		{297751C4-2FD0-4C32-BD86-413D364A5A9D}.Release|Any CPU.ActiveCfg = Release|Any CPU
		{297751C4-2FD0-4C32-BD86-413D364A5A9D}.Release|Any CPU.Build.0 = Release|Any CPU
	EndGlobalSection
	GlobalSection(SolutionProperties) = preSolution
		HideSolutionNode = FALSE
	EndGlobalSection
	GlobalSection(ExtensibilityGlobals) = postSolution
		SolutionGuid = {E1D63350-B950-4F6D-A1B7-211DADF7C80C}
	EndGlobalSection
EndGlobal
